
Microsoft Visual Studio Solution File, Format Version 12.00
# Visual Studio 15
VisualStudioVersion = 15.0.28010.2003
MinimumVisualStudioVersion = 10.0.40219.1
Project("{FAE04EC0-301F-11D3-BF4B-00C04F79EFBC}") = "JogoDaVelha2", "JogoDaVelha2\JogoDaVelha2.csproj", "{8F419AB0-4523-4480-9A5A-96EBF552E866}"
EndProject
Global
	GlobalSection(SolutionConfigurationPlatforms) = preSolution
		Debug|Any CPU = Debug|Any CPU
		Release|Any CPU = Release|Any CPU
	EndGlobalSection
	GlobalSection(ProjectConfigurationPlatforms) = postSolution
		{8F419AB0-4523-4480-9A5A-96EBF552E866}.Debug|Any CPU.ActiveCfg = Debug|Any CPU
		{8F419AB0-4523-4480-9A5A-96EBF552E866}.Debug|Any CPU.Build.0 = Debug|Any CPU
		{8F419AB0-4523-4480-9A5A-96EBF552E866}.Release|Any CPU.ActiveCfg = Release|Any CPU
		{8F419AB0-4523-4480-9A5A-96EBF552E866}.Release|Any CPU.Build.0 = Release|Any CPU
	EndGlobalSection
	GlobalSection(SolutionProperties) = preSolution
		HideSolutionNode = FALSE
	EndGlobalSection
	GlobalSection(ExtensibilityGlobals) = postSolution
		SolutionGuid = {BEEC824E-BCF4-4206-9C43-2ED734556395}
	EndGlobalSection
EndGlobal
